<?xml version="1.0" encoding="utf-8"?>
<Project ToolsVersion="4.0" xmlns="http://schemas.microsoft.com/developer/msbuild/2003">
  <ItemGroup>
    <ClCompile Include="main.cpp" />
    <ClCompile Include="Engine.cpp">
      <Filter>Lilac\Engine</Filter>
    </ClCompile>
    <ClCompile Include="SDL.cpp">
      <Filter>Lilac\Engine</Filter>
    </ClCompile>
    <ClCompile Include="Texture.cpp">
      <Filter>Lilac\Assets</Filter>
    </ClCompile>
    <ClCompile Include="Globals.cpp">
      <Filter>Lilac\Globals</Filter>
    </ClCompile>
    <ClCompile Include="AssetManager.cpp">
      <Filter>Lilac\Managers</Filter>
    </ClCompile>
    <ClCompile Include="SceneManager.cpp">
      <Filter>Lilac\Managers</Filter>
    </ClCompile>
    <ClCompile Include="UIElement.cpp">
      <Filter>Lilac\UI</Filter>
    </ClCompile>
    <ClCompile Include="Scene.cpp">
      <Filter>Lilac\Scenes</Filter>
    </ClCompile>
    <ClCompile Include="GameInit.cpp">
      <Filter>Lilac\Scenes</Filter>
    </ClCompile>
    <ClCompile Include="Image.cpp">
      <Filter>Lilac\UI</Filter>
    </ClCompile>
    <ClCompile Include="Unit.cpp">
      <Filter>Lilac\Units</Filter>
    </ClCompile>
    <ClCompile Include="Rendering.cpp">
      <Filter>Lilac\Utils</Filter>
    </ClCompile>
    <ClCompile Include="Font.cpp">
      <Filter>Lilac\Assets</Filter>
    </ClCompile>
    <ClCompile Include="Text.cpp">
      <Filter>Lilac\Assets</Filter>
    </ClCompile>
    <ClCompile Include="UIText.cpp">
      <Filter>Lilac\UI</Filter>
    </ClCompile>
    <ClCompile Include="Button.cpp" />
    <ClCompile Include="TickTimer.cpp">
      <Filter>Lilac\Utils</Filter>
    </ClCompile>
  </ItemGroup>
  <ItemGroup>
    <Filter Include="Lilac">
      <UniqueIdentifier>{ddf59fb7-6ddd-4b19-93a4-24ad0c67b8ba}</UniqueIdentifier>
    </Filter>
    <Filter Include="Lilac\Engine">
      <UniqueIdentifier>{42e2c836-2093-4cc6-a6af-f58707518474}</UniqueIdentifier>
    </Filter>
    <Filter Include="Lilac\Assets">
      <UniqueIdentifier>{1dacf9c7-a696-4c67-bff1-dcacfdd02d4c}</UniqueIdentifier>
    </Filter>
    <Filter Include="Lilac\Managers">
      <UniqueIdentifier>{c02d03aa-2d84-4e0e-b2b5-215fe63619b3}</UniqueIdentifier>
    </Filter>
    <Filter Include="Lilac\Globals">
      <UniqueIdentifier>{d2b9376f-7182-4b65-b7ff-812382f0727e}</UniqueIdentifier>
    </Filter>
    <Filter Include="Lilac\Utils">
      <UniqueIdentifier>{9e4c5887-dd48-475e-bc26-b4f249868870}</UniqueIdentifier>
    </Filter>
    <Filter Include="Lilac\UI">
      <UniqueIdentifier>{0ce48605-6347-4ff4-86ad-523cf3101c74}</UniqueIdentifier>
    </Filter>
    <Filter Include="Lilac\Scenes">
      <UniqueIdentifier>{c3815103-0d93-45ba-a0de-42f2461246c8}</UniqueIdentifier>
    </Filter>
    <Filter Include="Lilac\Units">
      <UniqueIdentifier>{4e225bac-4bda-4152-95ad-c55cef3e6a77}</UniqueIdentifier>
    </Filter>
    <Filter Include="Lilac\ThirdParty">
      <UniqueIdentifier>{0bb7b8dd-661f-4445-bd05-7478f06b3f30}</UniqueIdentifier>
    </Filter>
  </ItemGroup>
  <ItemGroup>
    <ClInclude Include="Engine.h">
      <Filter>Lilac\Engine</Filter>
    </ClInclude>
    <ClInclude Include="SDL.h">
      <Filter>Lilac\Engine</Filter>
    </ClInclude>
    <ClInclude Include="Asset.h">
      <Filter>Lilac\Assets</Filter>
    </ClInclude>
    <ClInclude Include="Texture.h">
      <Filter>Lilac\Assets</Filter>
    </ClInclude>
    <ClInclude Include="Globals.h">
      <Filter>Lilac\Globals</Filter>
    </ClInclude>
    <ClInclude Include="Vector2.h">
      <Filter>Lilac\Utils</Filter>
    </ClInclude>
    <ClInclude Include="AssetManager.h">
      <Filter>Lilac\Managers</Filter>
    </ClInclude>
    <ClInclude Include="SceneManager.h">
      <Filter>Lilac\Managers</Filter>
    </ClInclude>
    <ClInclude Include="UIElement.h">
      <Filter>Lilac\UI</Filter>
    </ClInclude>
    <ClInclude Include="Scene.h">
      <Filter>Lilac\Scenes</Filter>
    </ClInclude>
    <ClInclude Include="GameInit.h">
      <Filter>Lilac\Scenes</Filter>
    </ClInclude>
    <ClInclude Include="Image.h">
      <Filter>Lilac\UI</Filter>
    </ClInclude>
    <ClInclude Include="Unit.h">
      <Filter>Lilac\Units</Filter>
    </ClInclude>
    <ClInclude Include="Rendering.h">
      <Filter>Lilac\Utils</Filter>
    </ClInclude>
    <ClInclude Include="Utils.h">
      <Filter>Lilac\Utils</Filter>
    </ClInclude>
    <ClInclude Include="Font.h">
      <Filter>Lilac\Assets</Filter>
    </ClInclude>
    <ClInclude Include="Text.h">
      <Filter>Lilac\Assets</Filter>
    </ClInclude>
    <ClInclude Include="UIText.h">
      <Filter>Lilac\UI</Filter>
    </ClInclude>
    <ClInclude Include="resource.h" />
    <ClInclude Include="Button.h" />
    <ClInclude Include="TickTimer.h">
      <Filter>Lilac\Utils</Filter>
    </ClInclude>
  </ItemGroup>
  <ItemGroup>
    <ResourceCompile Include="SoraII.rc" />
  </ItemGroup>
  <ItemGroup>
    <Image Include="X:\sora_ii\img_assets\game_icon.ico" />
  </ItemGroup>
</Project>